
Microsoft Visual Studio Solution File, Format Version 12.00
# Visual Studio Version 17
VisualStudioVersion = 17.5.33414.496
MinimumVisualStudioVersion = 10.0.40219.1
Project("{FAE04EC0-301F-11D3-BF4B-00C04F79EFBC}") = "PizzaUML2", "PizzaUML2\PizzaUML2.csproj", "{5093ED42-12F1-4869-B501-699ED2B3A291}"
EndProject
Global
	GlobalSection(SolutionConfigurationPlatforms) = preSolution
		Debug|Any CPU = Debug|Any CPU
		Release|Any CPU = Release|Any CPU
	EndGlobalSection
	GlobalSection(ProjectConfigurationPlatforms) = postSolution
		{5093ED42-12F1-4869-B501-699ED2B3A291}.Debug|Any CPU.ActiveCfg = Debug|Any CPU
		{5093ED42-12F1-4869-B501-699ED2B3A291}.Debug|Any CPU.Build.0 = Debug|Any CPU
		{5093ED42-12F1-4869-B501-699ED2B3A291}.Release|Any CPU.ActiveCfg = Release|Any CPU
		{5093ED42-12F1-4869-B501-699ED2B3A291}.Release|Any CPU.Build.0 = Release|Any CPU
	EndGlobalSection
	GlobalSection(SolutionProperties) = preSolution
		HideSolutionNode = FALSE
	EndGlobalSection
	GlobalSection(ExtensibilityGlobals) = postSolution
		SolutionGuid = {9BDDC5B2-9A98-4932-B9C5-35358B0A271E}
	EndGlobalSection
EndGlobal
